Microsoft Visual Studio Solution File, Format Version 12.00
# Visual Studio Version 17
VisualStudioVersion = 17.5.2.0
MinimumVisualStudioVersion = 10.0.40219.1
Project("{FAE04EC0-301F-11D3-BF4B-00C04F79EFBC}") = "AzurePandoc", "AzurePandoc\AzurePandoc.csproj", "{EB87D774-F3D7-E3F1-0254-48D6A0D99851}"
EndProject
Global
	GlobalSection(SolutionConfigurationPlatforms) = preSolution
		Debug|Any CPU = Debug|Any CPU
		Release|Any CPU = Release|Any CPU
	EndGlobalSection
	GlobalSection(ProjectConfigurationPlatforms) = postSolution
		{EB87D774-F3D7-E3F1-0254-48D6A0D99851}.Debug|Any CPU.ActiveCfg = Debug|Any CPU
		{EB87D774-F3D7-E3F1-0254-48D6A0D99851}.Debug|Any CPU.Build.0 = Debug|Any CPU
		{EB87D774-F3D7-E3F1-0254-48D6A0D99851}.Release|Any CPU.ActiveCfg = Release|Any CPU
		{EB87D774-F3D7-E3F1-0254-48D6A0D99851}.Release|Any CPU.Build.0 = Release|Any CPU
	EndGlobalSection
	GlobalSection(SolutionProperties) = preSolution
		HideSolutionNode = FALSE
	EndGlobalSection
	GlobalSection(ExtensibilityGlobals) = postSolution
		SolutionGuid = {3177F71D-13C0-42F6-B40E-82FB72828572}
	EndGlobalSection
EndGlobal
